
Microsoft Visual Studio Solution File, Format Version 12.00
# Visual Studio Version 17
VisualStudioVersion = 17.11.35312.102
MinimumVisualStudioVersion = 10.0.40219.1
Project("{FAE04EC0-301F-11D3-BF4B-00C04F79EFBC}") = "AutoServerManagement", "AutoServerManagement\AutoServerManagement\AutoServerManagement.csproj", "{48E5D288-1531-4A63-97F5-3B7C9F3F8D9F}"
EndProject
Project("{FAE04EC0-301F-11D3-BF4B-00C04F79EFBC}") = "CakeBuild", "AutoServerManagement\ZZCakeBuild\CakeBuild.csproj", "{63B668B1-AC0E-41CF-9EEB-895293F997F1}"
EndProject
Global
	GlobalSection(SolutionConfigurationPlatforms) = preSolution
		Debug|Any CPU = Debug|Any CPU
		Release|Any CPU = Release|Any CPU
	EndGlobalSection
	GlobalSection(ProjectConfigurationPlatforms) = postSolution
		{48E5D288-1531-4A63-97F5-3B7C9F3F8D9F}.Debug|Any CPU.ActiveCfg = Debug|Any CPU
		{48E5D288-1531-4A63-97F5-3B7C9F3F8D9F}.Debug|Any CPU.Build.0 = Debug|Any CPU
		{48E5D288-1531-4A63-97F5-3B7C9F3F8D9F}.Release|Any CPU.ActiveCfg = Release|Any CPU
		{48E5D288-1531-4A63-97F5-3B7C9F3F8D9F}.Release|Any CPU.Build.0 = Release|Any CPU
		{63B668B1-AC0E-41CF-9EEB-895293F997F1}.Debug|Any CPU.ActiveCfg = Debug|Any CPU
		{63B668B1-AC0E-41CF-9EEB-895293F997F1}.Debug|Any CPU.Build.0 = Debug|Any CPU
		{63B668B1-AC0E-41CF-9EEB-895293F997F1}.Release|Any CPU.ActiveCfg = Release|Any CPU
		{63B668B1-AC0E-41CF-9EEB-895293F997F1}.Release|Any CPU.Build.0 = Release|Any CPU
	EndGlobalSection
	GlobalSection(SolutionProperties) = preSolution
		HideSolutionNode = FALSE
	EndGlobalSection
	GlobalSection(ExtensibilityGlobals) = postSolution
		SolutionGuid = {C5D92E8F-3791-4AFC-A9CD-161D25165334}
	EndGlobalSection
EndGlobal
